
Microsoft Visual Studio Solution File, Format Version 12.00
# Visual Studio Version 16
VisualStudioVersion = 16.0.30320.27
MinimumVisualStudioVersion = 10.0.40219.1
Project("{9A19103F-16F7-4668-BE54-9A1E7A4F7556}") = "Andreani", "Andreani\Andreani.csproj", "{C3D10785-C824-45E7-99A0-9C30A66D42E2}"
EndProject
Project("{E53339B2-1760-4266-BCC7-CA923CBCF16C}") = "docker-compose", "docker-compose.dcproj", "{B478E62A-AD05-41EC-B7F0-7F6AE201DB25}"
EndProject
Project("{9A19103F-16F7-4668-BE54-9A1E7A4F7556}") = "AndreaniCodificador", "AndreaniCodificador\AndreaniCodificador.csproj", "{AA32B17C-14CF-4C7B-9AF2-065B9B964940}"
EndProject
Global
	GlobalSection(SolutionConfigurationPlatforms) = preSolution
		Debug|Any CPU = Debug|Any CPU
		Release|Any CPU = Release|Any CPU
	EndGlobalSection
	GlobalSection(ProjectConfigurationPlatforms) = postSolution
		{C3D10785-C824-45E7-99A0-9C30A66D42E2}.Debug|Any CPU.ActiveCfg = Debug|Any CPU
		{C3D10785-C824-45E7-99A0-9C30A66D42E2}.Debug|Any CPU.Build.0 = Debug|Any CPU
		{C3D10785-C824-45E7-99A0-9C30A66D42E2}.Release|Any CPU.ActiveCfg = Release|Any CPU
		{C3D10785-C824-45E7-99A0-9C30A66D42E2}.Release|Any CPU.Build.0 = Release|Any CPU
		{B478E62A-AD05-41EC-B7F0-7F6AE201DB25}.Debug|Any CPU.ActiveCfg = Debug|Any CPU
		{B478E62A-AD05-41EC-B7F0-7F6AE201DB25}.Debug|Any CPU.Build.0 = Debug|Any CPU
		{B478E62A-AD05-41EC-B7F0-7F6AE201DB25}.Release|Any CPU.ActiveCfg = Release|Any CPU
		{B478E62A-AD05-41EC-B7F0-7F6AE201DB25}.Release|Any CPU.Build.0 = Release|Any CPU
		{AA32B17C-14CF-4C7B-9AF2-065B9B964940}.Debug|Any CPU.ActiveCfg = Debug|Any CPU
		{AA32B17C-14CF-4C7B-9AF2-065B9B964940}.Debug|Any CPU.Build.0 = Debug|Any CPU
		{AA32B17C-14CF-4C7B-9AF2-065B9B964940}.Release|Any CPU.ActiveCfg = Release|Any CPU
		{AA32B17C-14CF-4C7B-9AF2-065B9B964940}.Release|Any CPU.Build.0 = Release|Any CPU
	EndGlobalSection
	GlobalSection(SolutionProperties) = preSolution
		HideSolutionNode = FALSE
	EndGlobalSection
	GlobalSection(ExtensibilityGlobals) = postSolution
		SolutionGuid = {C0ED5E49-7B0B-420A-8217-13534A044A4F}
	EndGlobalSection
EndGlobal
